
Microsoft Visual Studio Solution File, Format Version 12.00
# Visual Studio 15
Project("{FAE04EC0-301F-11D3-BF4B-00C04F79EFBC}") = "Assembly-CSharp", "Assembly-CSharp.csproj", "{FBCB7F31-887C-3BFF-C400-76F62BA5B954}"
EndProject
Global
	GlobalSection(SolutionConfigurationPlatforms) = preSolution
		Debug|Any CPU = Debug|Any CPU
		Release|Any CPU = Release|Any CPU
	EndGlobalSection
	GlobalSection(ProjectConfigurationPlatforms) = postSolution
		{FBCB7F31-887C-3BFF-C400-76F62BA5B954}.Debug|Any CPU.ActiveCfg = Debug|Any CPU
		{FBCB7F31-887C-3BFF-C400-76F62BA5B954}.Debug|Any CPU.Build.0 = Debug|Any CPU
		{FBCB7F31-887C-3BFF-C400-76F62BA5B954}.Release|Any CPU.ActiveCfg = Release|Any CPU
		{FBCB7F31-887C-3BFF-C400-76F62BA5B954}.Release|Any CPU.Build.0 = Release|Any CPU
	EndGlobalSection
	GlobalSection(SolutionProperties) = preSolution
		HideSolutionNode = FALSE
	EndGlobalSection
EndGlobal
